
Microsoft Visual Studio Solution File, Format Version 12.00
# Visual Studio Version 17
VisualStudioVersion = 17.3.32804.467
MinimumVisualStudioVersion = 10.0.40219.1
Project("{FAE04EC0-301F-11D3-BF4B-00C04F79EFBC}") = "ShopTheThao.Server", "ShopTheThao\Server\ShopTheThao.Server.csproj", "{E5C02A36-853E-42EA-8832-2650EB6E20D3}"
EndProject
Project("{FAE04EC0-301F-11D3-BF4B-00C04F79EFBC}") = "ShopTheThao.Client", "ShopTheThao\Client\ShopTheThao.Client.csproj", "{61B39556-F673-410C-8381-033FC6C5F23A}"
EndProject
Project("{FAE04EC0-301F-11D3-BF4B-00C04F79EFBC}") = "ShopTheThao.Shared", "ShopTheThao\Shared\ShopTheThao.Shared.csproj", "{8138F7F5-A7B7-408F-8715-A4D0678C9896}"
EndProject
Global
	GlobalSection(SolutionConfigurationPlatforms) = preSolution
		Debug|Any CPU = Debug|Any CPU
		Release|Any CPU = Release|Any CPU
	EndGlobalSection
	GlobalSection(ProjectConfigurationPlatforms) = postSolution
		{E5C02A36-853E-42EA-8832-2650EB6E20D3}.Debug|Any CPU.ActiveCfg = Debug|Any CPU
		{E5C02A36-853E-42EA-8832-2650EB6E20D3}.Debug|Any CPU.Build.0 = Debug|Any CPU
		{E5C02A36-853E-42EA-8832-2650EB6E20D3}.Release|Any CPU.ActiveCfg = Release|Any CPU
		{E5C02A36-853E-42EA-8832-2650EB6E20D3}.Release|Any CPU.Build.0 = Release|Any CPU
		{61B39556-F673-410C-8381-033FC6C5F23A}.Debug|Any CPU.ActiveCfg = Debug|Any CPU
		{61B39556-F673-410C-8381-033FC6C5F23A}.Debug|Any CPU.Build.0 = Debug|Any CPU
		{61B39556-F673-410C-8381-033FC6C5F23A}.Release|Any CPU.ActiveCfg = Release|Any CPU
		{61B39556-F673-410C-8381-033FC6C5F23A}.Release|Any CPU.Build.0 = Release|Any CPU
		{8138F7F5-A7B7-408F-8715-A4D0678C9896}.Debug|Any CPU.ActiveCfg = Debug|Any CPU
		{8138F7F5-A7B7-408F-8715-A4D0678C9896}.Debug|Any CPU.Build.0 = Debug|Any CPU
		{8138F7F5-A7B7-408F-8715-A4D0678C9896}.Release|Any CPU.ActiveCfg = Release|Any CPU
		{8138F7F5-A7B7-408F-8715-A4D0678C9896}.Release|Any CPU.Build.0 = Release|Any CPU
	EndGlobalSection
	GlobalSection(SolutionProperties) = preSolution
		HideSolutionNode = FALSE
	EndGlobalSection
	GlobalSection(ExtensibilityGlobals) = postSolution
		SolutionGuid = {3F4FF293-52E9-45CB-B651-9DFAEEF37A55}
	EndGlobalSection
EndGlobal
